// !$*UTF8*$!
{
	archiveVersion = 1;
	classes = {
	};
	objectVersion = 55;
	objects = {

/* Begin PBXBuildFile section */
		046D90C427D7FA1600026FA7 /* AppDelegate.swift in Sources */ = {isa = PBXBuildFile; fileRef = 046D90C327D7FA1600026FA7 /* AppDelegate.swift */; };
		046D90C627D7FA1600026FA7 /* SceneDelegate.swift in Sources */ = {isa = PBXBuildFile; fileRef = 046D90C527D7FA1600026FA7 /* SceneDelegate.swift */; };
		046D90C827D7FA1600026FA7 /* HouseListView.swift in Sources */ = {isa = PBXBuildFile; fileRef = 046D90C727D7FA1600026FA7 /* HouseListView.swift */; };
		046D90CB27D7FA1600026FA7 /* Main.storyboard in Resources */ = {isa = PBXBuildFile; fileRef = 046D90C927D7FA1600026FA7 /* Main.storyboard */; };
		046D90CD27D7FA1800026FA7 /* Assets.xcassets in Resources */ = {isa = PBXBuildFile; fileRef = 046D90CC27D7FA1800026FA7 /* Assets.xcassets */; };
		046D90D027D7FA1800026FA7 /* LaunchScreen.storyboard in Resources */ = {isa = PBXBuildFile; fileRef = 046D90CE27D7FA1800026FA7 /* LaunchScreen.storyboard */; };
		046D90E227D8011B00026FA7 /* HouseListPresenter.swift in Sources */ = {isa = PBXBuildFile; fileRef = 046D90E127D8011B00026FA7 /* HouseListPresenter.swift */; };
		046D90E427D8017900026FA7 /* HouseListInteractor.swift in Sources */ = {isa = PBXBuildFile; fileRef = 046D90E327D8017900026FA7 /* HouseListInteractor.swift */; };
		046D90E627D801BB00026FA7 /* HouseListRouter.swift in Sources */ = {isa = PBXBuildFile; fileRef = 046D90E527D801BB00026FA7 /* HouseListRouter.swift */; };
		046D90E827D801F500026FA7 /* HouseListEntity.swift in Sources */ = {isa = PBXBuildFile; fileRef = 046D90E727D801F500026FA7 /* HouseListEntity.swift */; };
		046D90EB27D8026700026FA7 /* HouseListConfigurator.swift in Sources */ = {isa = PBXBuildFile; fileRef = 046D90EA27D8026700026FA7 /* HouseListConfigurator.swift */; };
		046D90F327D8045000026FA7 /* StudentSlytherinView.swift in Sources */ = {isa = PBXBuildFile; fileRef = 046D90F227D8045000026FA7 /* StudentSlytherinView.swift */; };
		046D90F527D804B200026FA7 /* StudentSlytherinPresenter.swift in Sources */ = {isa = PBXBuildFile; fileRef = 046D90F427D804B200026FA7 /* StudentSlytherinPresenter.swift */; };
		046D90F927D8052100026FA7 /* StudentSlytherinInteractor.swift in Sources */ = {isa = PBXBuildFile; fileRef = 046D90F827D8052100026FA7 /* StudentSlytherinInteractor.swift */; };
		046D90FB27D8055900026FA7 /* StudentSlytherinRouter.swift in Sources */ = {isa = PBXBuildFile; fileRef = 046D90FA27D8055900026FA7 /* StudentSlytherinRouter.swift */; };
		046D90FD27D8058D00026FA7 /* StudentSlytherinEntity.swift in Sources */ = {isa = PBXBuildFile; fileRef = 046D90FC27D8058D00026FA7 /* StudentSlytherinEntity.swift */; };
		046D90FF27D805E600026FA7 /* StudentSlytherinConfigurator.swift in Sources */ = {isa = PBXBuildFile; fileRef = 046D90FE27D805E600026FA7 /* StudentSlytherinConfigurator.swift */; };
		046D910327D894AD00026FA7 /* StudentGryffindorView.swift in Sources */ = {isa = PBXBuildFile; fileRef = 046D910227D894AD00026FA7 /* StudentGryffindorView.swift */; };
		046D910627D8950000026FA7 /* StudentGryffindorPresenter.swift in Sources */ = {isa = PBXBuildFile; fileRef = 046D910527D8950000026FA7 /* StudentGryffindorPresenter.swift */; };
		046D910927D895EB00026FA7 /* StudentGryffindorInteractor.swift in Sources */ = {isa = PBXBuildFile; fileRef = 046D910827D895EB00026FA7 /* StudentGryffindorInteractor.swift */; };
		046D910C27D8963800026FA7 /* StudentGryffindorRouter.swift in Sources */ = {isa = PBXBuildFile; fileRef = 046D910B27D8963800026FA7 /* StudentGryffindorRouter.swift */; };
		046D910F27D8968400026FA7 /* StudentGryffindorEntity.swift in Sources */ = {isa = PBXBuildFile; fileRef = 046D910E27D8968400026FA7 /* StudentGryffindorEntity.swift */; };
		046D911127D896BF00026FA7 /* StudentGryffindorConfigurator.swift in Sources */ = {isa = PBXBuildFile; fileRef = 046D911027D896BF00026FA7 /* StudentGryffindorConfigurator.swift */; };
		046D911527D89FA400026FA7 /* StudentHufflepuffView.swift in Sources */ = {isa = PBXBuildFile; fileRef = 046D911427D89FA400026FA7 /* StudentHufflepuffView.swift */; };
		046D911827D89FFD00026FA7 /* StudentHufflepuffPresenter.swift in Sources */ = {isa = PBXBuildFile; fileRef = 046D911727D89FFD00026FA7 /* StudentHufflepuffPresenter.swift */; };
		046D911B27D8A0AD00026FA7 /* StudentHufflepuffInteractor.swift in Sources */ = {isa = PBXBuildFile; fileRef = 046D911A27D8A0AD00026FA7 /* StudentHufflepuffInteractor.swift */; };
		046D911E27D8A13500026FA7 /* StudentHufflepuffRouter.swift in Sources */ = {isa = PBXBuildFile; fileRef = 046D911D27D8A13500026FA7 /* StudentHufflepuffRouter.swift */; };
		046D912127D8A17000026FA7 /* StudentHufflepuffEntity.swift in Sources */ = {isa = PBXBuildFile; fileRef = 046D912027D8A17000026FA7 /* StudentHufflepuffEntity.swift */; };
		046D912327D8A1A400026FA7 /* StudentHufflepuffConfigurator.swift in Sources */ = {isa = PBXBuildFile; fileRef = 046D912227D8A1A400026FA7 /* StudentHufflepuffConfigurator.swift */; };
		046D912727D8A2C300026FA7 /* StudentRavenclawView.swift in Sources */ = {isa = PBXBuildFile; fileRef = 046D912627D8A2C300026FA7 /* StudentRavenclawView.swift */; };
		046D912A27D8A2FB00026FA7 /* StudentRavenclawPresenter.swift in Sources */ = {isa = PBXBuildFile; fileRef = 046D912927D8A2FB00026FA7 /* StudentRavenclawPresenter.swift */; };
		046D912D27D8A33500026FA7 /* StudentRavenclawInteractor.swift in Sources */ = {isa = PBXBuildFile; fileRef = 046D912C27D8A33500026FA7 /* StudentRavenclawInteractor.swift */; };
		046D913027D8A36D00026FA7 /* StudentRavenclawRouter.swift in Sources */ = {isa = PBXBuildFile; fileRef = 046D912F27D8A36D00026FA7 /* StudentRavenclawRouter.swift */; };
		046D913327D8A39B00026FA7 /* StudentRavenclawEntity.swift in Sources */ = {isa = PBXBuildFile; fileRef = 046D913227D8A39B00026FA7 /* StudentRavenclawEntity.swift */; };
		046D913527D8A3D600026FA7 /* StudentRavenclawConfigurator.swift in Sources */ = {isa = PBXBuildFile; fileRef = 046D913427D8A3D600026FA7 /* StudentRavenclawConfigurator.swift */; };
/* End PBXBuildFile section */

/* Begin PBXFileReference section */
		046D90C027D7FA1600026FA7 /* VIPERHarryPotterHouseListTableView.app */ = {isa = PBXFileReference; explicitFileType = wrapper.application; includeInIndex = 0; path = VIPERHarryPotterHouseListTableView.app; sourceTree = BUILT_PRODUCTS_DIR; };
		046D90C327D7FA1600026FA7 /* AppDelegate.swift */ = {isa = PBXFileReference; lastKnownFileType = sourcecode.swift; path = AppDelegate.swift; sourceTree = "<group>"; };
		046D90C527D7FA1600026FA7 /* SceneDelegate.swift */ = {isa = PBXFileReference; lastKnownFileType = sourcecode.swift; path = SceneDelegate.swift; sourceTree = "<group>"; };
		046D90C727D7FA1600026FA7 /* HouseListView.swift */ = {isa = PBXFileReference; lastKnownFileType = sourcecode.swift; path = HouseListView.swift; sourceTree = "<group>"; };
		046D90CA27D7FA1600026FA7 /* Base */ = {isa = PBXFileReference; lastKnownFileType = file.storyboard; name = Base; path = Base.lproj/Main.storyboard; sourceTree = "<group>"; };
		046D90CC27D7FA1800026FA7 /* Assets.xcassets */ = {isa = PBXFileReference; lastKnownFileType = folder.assetcatalog; path = Assets.xcassets; sourceTree = "<group>"; };
		046D90CF27D7FA1800026FA7 /* Base */ = {isa = PBXFileReference; lastKnownFileType = file.storyboard; name = Base; path = Base.lproj/LaunchScreen.storyboard; sourceTree = "<group>"; };
		046D90D127D7FA1800026FA7 /* Info.plist */ = {isa = PBXFileReference; lastKnownFileType = text.plist.xml; path = Info.plist; sourceTree = "<group>"; };
		046D90E127D8011B00026FA7 /* HouseListPresenter.swift */ = {isa = PBXFileReference; lastKnownFileType = sourcecode.swift; path = HouseListPresenter.swift; sourceTree = "<group>"; };
		046D90E327D8017900026FA7 /* HouseListInteractor.swift */ = {isa = PBXFileReference; lastKnownFileType = sourcecode.swift; path = HouseListInteractor.swift; sourceTree = "<group>"; };
		046D90E527D801BB00026FA7 /* HouseListRouter.swift */ = {isa = PBXFileReference; lastKnownFileType = sourcecode.swift; path = HouseListRouter.swift; sourceTree = "<group>"; };
		046D90E727D801F500026FA7 /* HouseListEntity.swift */ = {isa = PBXFileReference; lastKnownFileType = sourcecode.swift; path = HouseListEntity.swift; sourceTree = "<group>"; };
		046D90EA27D8026700026FA7 /* HouseListConfigurator.swift */ = {isa = PBXFileReference; lastKnownFileType = sourcecode.swift; path = HouseListConfigurator.swift; sourceTree = "<group>"; };
		046D90F227D8045000026FA7 /* StudentSlytherinView.swift */ = {isa = PBXFileReference; lastKnownFileType = sourcecode.swift; path = StudentSlytherinView.swift; sourceTree = "<group>"; };
		046D90F427D804B200026FA7 /* StudentSlytherinPresenter.swift */ = {isa = PBXFileReference; lastKnownFileType = sourcecode.swift; path = StudentSlytherinPresenter.swift; sourceTree = "<group>"; };
		046D90F827D8052100026FA7 /* StudentSlytherinInteractor.swift */ = {isa = PBXFileReference; lastKnownFileType = sourcecode.swift; path = StudentSlytherinInteractor.swift; sourceTree = "<group>"; };
		046D90FA27D8055900026FA7 /* StudentSlytherinRouter.swift */ = {isa = PBXFileReference; lastKnownFileType = sourcecode.swift; path = StudentSlytherinRouter.swift; sourceTree = "<group>"; };
		046D90FC27D8058D00026FA7 /* StudentSlytherinEntity.swift */ = {isa = PBXFileReference; lastKnownFileType = sourcecode.swift; path = StudentSlytherinEntity.swift; sourceTree = "<group>"; };
		046D90FE27D805E600026FA7 /* StudentSlytherinConfigurator.swift */ = {isa = PBXFileReference; lastKnownFileType = sourcecode.swift; path = StudentSlytherinConfigurator.swift; sourceTree = "<group>"; };
		046D910227D894AD00026FA7 /* StudentGryffindorView.swift */ = {isa = PBXFileReference; lastKnownFileType = sourcecode.swift; path = StudentGryffindorView.swift; sourceTree = "<group>"; };
		046D910527D8950000026FA7 /* StudentGryffindorPresenter.swift */ = {isa = PBXFileReference; lastKnownFileType = sourcecode.swift; path = StudentGryffindorPresenter.swift; sourceTree = "<group>"; };
		046D910827D895EB00026FA7 /* StudentGryffindorInteractor.swift */ = {isa = PBXFileReference; lastKnownFileType = sourcecode.swift; path = StudentGryffindorInteractor.swift; sourceTree = "<group>"; };
		046D910B27D8963800026FA7 /* StudentGryffindorRouter.swift */ = {isa = PBXFileReference; lastKnownFileType = sourcecode.swift; path = StudentGryffindorRouter.swift; sourceTree = "<group>"; };
		046D910E27D8968400026FA7 /* StudentGryffindorEntity.swift */ = {isa = PBXFileReference; lastKnownFileType = sourcecode.swift; path = StudentGryffindorEntity.swift; sourceTree = "<group>"; };
		046D911027D896BF00026FA7 /* StudentGryffindorConfigurator.swift */ = {isa = PBXFileReference; lastKnownFileType = sourcecode.swift; path = StudentGryffindorConfigurator.swift; sourceTree = "<group>"; };
		046D911427D89FA400026FA7 /* StudentHufflepuffView.swift */ = {isa = PBXFileReference; lastKnownFileType = sourcecode.swift; path = StudentHufflepuffView.swift; sourceTree = "<group>"; };
		046D911727D89FFD00026FA7 /* StudentHufflepuffPresenter.swift */ = {isa = PBXFileReference; lastKnownFileType = sourcecode.swift; path = StudentHufflepuffPresenter.swift; sourceTree = "<group>"; };
		046D911A27D8A0AD00026FA7 /* StudentHufflepuffInteractor.swift */ = {isa = PBXFileReference; lastKnownFileType = sourcecode.swift; path = StudentHufflepuffInteractor.swift; sourceTree = "<group>"; };
		046D911D27D8A13500026FA7 /* StudentHufflepuffRouter.swift */ = {isa = PBXFileReference; lastKnownFileType = sourcecode.swift; path = StudentHufflepuffRouter.swift; sourceTree = "<group>"; };
		046D912027D8A17000026FA7 /* StudentHufflepuffEntity.swift */ = {isa = PBXFileReference; lastKnownFileType = sourcecode.swift; path = StudentHufflepuffEntity.swift; sourceTree = "<group>"; };
		046D912227D8A1A400026FA7 /* StudentHufflepuffConfigurator.swift */ = {isa = PBXFileReference; lastKnownFileType = sourcecode.swift; path = StudentHufflepuffConfigurator.swift; sourceTree = "<group>"; };
		046D912627D8A2C300026FA7 /* StudentRavenclawView.swift */ = {isa = PBXFileReference; lastKnownFileType = sourcecode.swift; path = StudentRavenclawView.swift; sourceTree = "<group>"; };
		046D912927D8A2FB00026FA7 /* StudentRavenclawPresenter.swift */ = {isa = PBXFileReference; lastKnownFileType = sourcecode.swift; path = StudentRavenclawPresenter.swift; sourceTree = "<group>"; };
		046D912C27D8A33500026FA7 /* StudentRavenclawInteractor.swift */ = {isa = PBXFileReference; lastKnownFileType = sourcecode.swift; path = StudentRavenclawInteractor.swift; sourceTree = "<group>"; };
		046D912F27D8A36D00026FA7 /* StudentRavenclawRouter.swift */ = {isa = PBXFileReference; lastKnownFileType = sourcecode.swift; path = StudentRavenclawRouter.swift; sourceTree = "<group>"; };
		046D913227D8A39B00026FA7 /* StudentRavenclawEntity.swift */ = {isa = PBXFileReference; lastKnownFileType = sourcecode.swift; path = StudentRavenclawEntity.swift; sourceTree = "<group>"; };
		046D913427D8A3D600026FA7 /* StudentRavenclawConfigurator.swift */ = {isa = PBXFileReference; lastKnownFileType = sourcecode.swift; path = StudentRavenclawConfigurator.swift; sourceTree = "<group>"; };
/* End PBXFileReference section */

/* Begin PBXFrameworksBuildPhase section */
		046D90BD27D7FA1600026FA7 /* Frameworks */ = {
			isa = PBXFrameworksBuildPhase;
			buildActionMask = 2147483647;
			files = (
			);
			runOnlyForDeploymentPostprocessing = 0;
		};
/* End PBXFrameworksBuildPhase section */

/* Begin PBXGroup section */
		046D90B727D7FA1600026FA7 = {
			isa = PBXGroup;
			children = (
				046D90C227D7FA1600026FA7 /* VIPERHarryPotterHouseListTableView */,
				046D90C127D7FA1600026FA7 /* Products */,
			);
			sourceTree = "<group>";
		};
		046D90C127D7FA1600026FA7 /* Products */ = {
			isa = PBXGroup;
			children = (
				046D90C027D7FA1600026FA7 /* VIPERHarryPotterHouseListTableView.app */,
			);
			name = Products;
			sourceTree = "<group>";
		};
		046D90C227D7FA1600026FA7 /* VIPERHarryPotterHouseListTableView */ = {
			isa = PBXGroup;
			children = (
				046D90D827D7FC4200026FA7 /* Resources */,
				046D90D727D7FC2C00026FA7 /* Source */,
			);
			path = VIPERHarryPotterHouseListTableView;
			sourceTree = "<group>";
		};
		046D90D727D7FC2C00026FA7 /* Source */ = {
			isa = PBXGroup;
			children = (
				046D90D927D7FC5D00026FA7 /* App */,
				046D90DA27D7FC6A00026FA7 /* Scene */,
			);
			path = Source;
			sourceTree = "<group>";
		};
		046D90D827D7FC4200026FA7 /* Resources */ = {
			isa = PBXGroup;
			children = (
				046D90D127D7FA1800026FA7 /* Info.plist */,
				046D90CE27D7FA1800026FA7 /* LaunchScreen.storyboard */,
				046D90CC27D7FA1800026FA7 /* Assets.xcassets */,
				046D90C927D7FA1600026FA7 /* Main.storyboard */,
			);
			path = Resources;
			sourceTree = "<group>";
		};
		046D90D927D7FC5D00026FA7 /* App */ = {
			isa = PBXGroup;
			children = (
				046D90C527D7FA1600026FA7 /* SceneDelegate.swift */,
				046D90C327D7FA1600026FA7 /* AppDelegate.swift */,
			);
			path = App;
			sourceTree = "<group>";
		};
		046D90DA27D7FC6A00026FA7 /* Scene */ = {
			isa = PBXGroup;
			children = (
				046D90E927D8024C00026FA7 /* Configurators */,
				046D90DB27D7FCA100026FA7 /* HouseListModule */,
				046D90EC27D803C200026FA7 /* StudentSlytherinModule */,
				046D910027D807A200026FA7 /* StudentGryffindorModule */,
				046D911227D89F2C00026FA7 /* StudentHufflepuffModule */,
				046D912427D8A28300026FA7 /* StudentRavenclawModule */,
			);
			path = Scene;
			sourceTree = "<group>";
		};
		046D90DB27D7FCA100026FA7 /* HouseListModule */ = {
			isa = PBXGroup;
			children = (
				046D90DC27D7FCBD00026FA7 /* View */,
				046D90DD27D7FCC600026FA7 /* Presenter */,
				046D90DE27D7FCDF00026FA7 /* Interactor */,
				046D90DF27D7FCED00026FA7 /* Router */,
				046D90E027D7FCF300026FA7 /* Entity */,
			);
			path = HouseListModule;
			sourceTree = "<group>";
		};
		046D90DC27D7FCBD00026FA7 /* View */ = {
			isa = PBXGroup;
			children = (
				046D90C727D7FA1600026FA7 /* HouseListView.swift */,
			);
			path = View;
			sourceTree = "<group>";
		};
		046D90DD27D7FCC600026FA7 /* Presenter */ = {
			isa = PBXGroup;
			children = (
				046D90E127D8011B00026FA7 /* HouseListPresenter.swift */,
			);
			path = Presenter;
			sourceTree = "<group>";
		};
		046D90DE27D7FCDF00026FA7 /* Interactor */ = {
			isa = PBXGroup;
			children = (
				046D90E327D8017900026FA7 /* HouseListInteractor.swift */,
			);
			path = Interactor;
			sourceTree = "<group>";
		};
		046D90DF27D7FCED00026FA7 /* Router */ = {
			isa = PBXGroup;
			children = (
				046D90E527D801BB00026FA7 /* HouseListRouter.swift */,
			);
			path = Router;
			sourceTree = "<group>";
		};
		046D90E027D7FCF300026FA7 /* Entity */ = {
			isa = PBXGroup;
			children = (
				046D90E727D801F500026FA7 /* HouseListEntity.swift */,
			);
			path = Entity;
			sourceTree = "<group>";
		};
		046D90E927D8024C00026FA7 /* Configurators */ = {
			isa = PBXGroup;
			children = (
				046D90EA27D8026700026FA7 /* HouseListConfigurator.swift */,
				046D90FE27D805E600026FA7 /* StudentSlytherinConfigurator.swift */,
				046D911027D896BF00026FA7 /* StudentGryffindorConfigurator.swift */,
				046D912227D8A1A400026FA7 /* StudentHufflepuffConfigurator.swift */,
				046D913427D8A3D600026FA7 /* StudentRavenclawConfigurator.swift */,
			);
			path = Configurators;
			sourceTree = "<group>";
		};
		046D90EC27D803C200026FA7 /* StudentSlytherinModule */ = {
			isa = PBXGroup;
			children = (
				046D90ED27D803EB00026FA7 /* View */,
				046D90EE27D803F100026FA7 /* Presenter */,
				046D90EF27D803FF00026FA7 /* Interactor */,
				046D90F027D8040700026FA7 /* Router */,
				046D90F127D8040F00026FA7 /* Entity */,
			);
			path = StudentSlytherinModule;
			sourceTree = "<group>";
		};
		046D90ED27D803EB00026FA7 /* View */ = {
			isa = PBXGroup;
			children = (
				046D90F227D8045000026FA7 /* StudentSlytherinView.swift */,
			);
			path = View;
			sourceTree = "<group>";
		};
		046D90EE27D803F100026FA7 /* Presenter */ = {
			isa = PBXGroup;
			children = (
				046D90F427D804B200026FA7 /* StudentSlytherinPresenter.swift */,
			);
			path = Presenter;
			sourceTree = "<group>";
		};
		046D90EF27D803FF00026FA7 /* Interactor */ = {
			isa = PBXGroup;
			children = (
				046D90F827D8052100026FA7 /* StudentSlytherinInteractor.swift */,
			);
			path = Interactor;
			sourceTree = "<group>";
		};
		046D90F027D8040700026FA7 /* Router */ = {
			isa = PBXGroup;
			children = (
				046D90FA27D8055900026FA7 /* StudentSlytherinRouter.swift */,
			);
			path = Router;
			sourceTree = "<group>";
		};
		046D90F127D8040F00026FA7 /* Entity */ = {
			isa = PBXGroup;
			children = (
				046D90FC27D8058D00026FA7 /* StudentSlytherinEntity.swift */,
			);
			path = Entity;
			sourceTree = "<group>";
		};
		046D910027D807A200026FA7 /* StudentGryffindorModule */ = {
			isa = PBXGroup;
			children = (
				046D910D27D8966B00026FA7 /* Entity */,
				046D910A27D8962B00026FA7 /* Router */,
				046D910727D895D400026FA7 /* Interactor */,
				046D910427D894EC00026FA7 /* Presenter */,
				046D910127D8949700026FA7 /* View */,
			);
			path = StudentGryffindorModule;
			sourceTree = "<group>";
		};
		046D910127D8949700026FA7 /* View */ = {
			isa = PBXGroup;
			children = (
				046D910227D894AD00026FA7 /* StudentGryffindorView.swift */,
			);
			path = View;
			sourceTree = "<group>";
		};
		046D910427D894EC00026FA7 /* Presenter */ = {
			isa = PBXGroup;
			children = (
				046D910527D8950000026FA7 /* StudentGryffindorPresenter.swift */,
			);
			path = Presenter;
			sourceTree = "<group>";
		};
		046D910727D895D400026FA7 /* Interactor */ = {
			isa = PBXGroup;
			children = (
				046D910827D895EB00026FA7 /* StudentGryffindorInteractor.swift */,
			);
			path = Interactor;
			sourceTree = "<group>";
		};
		046D910A27D8962B00026FA7 /* Router */ = {
			isa = PBXGroup;
			children = (
				046D910B27D8963800026FA7 /* StudentGryffindorRouter.swift */,
			);
			path = Router;
			sourceTree = "<group>";
		};
		046D910D27D8966B00026FA7 /* Entity */ = {
			isa = PBXGroup;
			children = (
				046D910E27D8968400026FA7 /* StudentGryffindorEntity.swift */,
			);
			path = Entity;
			sourceTree = "<group>";
		};
		046D911227D89F2C00026FA7 /* StudentHufflepuffModule */ = {
			isa = PBXGroup;
			children = (
				046D911F27D8A16000026FA7 /* Entity */,
				046D911C27D8A12200026FA7 /* Router */,
				046D911927D8A09300026FA7 /* Interactor */,
				046D911627D89FDC00026FA7 /* Presenter */,
				046D911327D89F8A00026FA7 /* View */,
			);
			path = StudentHufflepuffModule;
			sourceTree = "<group>";
		};
		046D911327D89F8A00026FA7 /* View */ = {
			isa = PBXGroup;
			children = (
				046D911427D89FA400026FA7 /* StudentHufflepuffView.swift */,
			);
			path = View;
			sourceTree = "<group>";
		};
		046D911627D89FDC00026FA7 /* Presenter */ = {
			isa = PBXGroup;
			children = (
				046D911727D89FFD00026FA7 /* StudentHufflepuffPresenter.swift */,
			);
			path = Presenter;
			sourceTree = "<group>";
		};
		046D911927D8A09300026FA7 /* Interactor */ = {
			isa = PBXGroup;
			children = (
				046D911A27D8A0AD00026FA7 /* StudentHufflepuffInteractor.swift */,
			);
			path = Interactor;
			sourceTree = "<group>";
		};
		046D911C27D8A12200026FA7 /* Router */ = {
			isa = PBXGroup;
			children = (
				046D911D27D8A13500026FA7 /* StudentHufflepuffRouter.swift */,
			);
			path = Router;
			sourceTree = "<group>";
		};
		046D911F27D8A16000026FA7 /* Entity */ = {
			isa = PBXGroup;
			children = (
				046D912027D8A17000026FA7 /* StudentHufflepuffEntity.swift */,
			);
			path = Entity;
			sourceTree = "<group>";
		};
		046D912427D8A28300026FA7 /* StudentRavenclawModule */ = {
			isa = PBXGroup;
			children = (
				046D912527D8A2B700026FA7 /* View */,
				046D912827D8A2E800026FA7 /* Presenter */,
				046D912B27D8A32400026FA7 /* Interactor */,
				046D912E27D8A35C00026FA7 /* Router */,
				046D913127D8A38E00026FA7 /* Entity */,
			);
			path = StudentRavenclawModule;
			sourceTree = "<group>";
		};
		046D912527D8A2B700026FA7 /* View */ = {
			isa = PBXGroup;
			children = (
				046D912627D8A2C300026FA7 /* StudentRavenclawView.swift */,
			);
			path = View;
			sourceTree = "<group>";
		};
		046D912827D8A2E800026FA7 /* Presenter */ = {
			isa = PBXGroup;
			children = (
				046D912927D8A2FB00026FA7 /* StudentRavenclawPresenter.swift */,
			);
			path = Presenter;
			sourceTree = "<group>";
		};
		046D912B27D8A32400026FA7 /* Interactor */ = {
			isa = PBXGroup;
			children = (
				046D912C27D8A33500026FA7 /* StudentRavenclawInteractor.swift */,
			);
			path = Interactor;
			sourceTree = "<group>";
		};
		046D912E27D8A35C00026FA7 /* Router */ = {
			isa = PBXGroup;
			children = (
				046D912F27D8A36D00026FA7 /* StudentRavenclawRouter.swift */,
			);
			path = Router;
			sourceTree = "<group>";
		};
		046D913127D8A38E00026FA7 /* Entity */ = {
			isa = PBXGroup;
			children = (
				046D913227D8A39B00026FA7 /* StudentRavenclawEntity.swift */,
			);
			path = Entity;
			sourceTree = "<group>";
		};
/* End PBXGroup section */

/* Begin PBXNativeTarget section */
		046D90BF27D7FA1600026FA7 /* VIPERHarryPotterHouseListTableView */ = {
			isa = PBXNativeTarget;
			buildConfigurationList = 046D90D427D7FA1800026FA7 /* Build configuration list for PBXNativeTarget "VIPERHarryPotterHouseListTableView" */;
			buildPhases = (
				046D90BC27D7FA1600026FA7 /* Sources */,
				046D90BD27D7FA1600026FA7 /* Frameworks */,
				046D90BE27D7FA1600026FA7 /* Resources */,
			);
			buildRules = (
			);
			dependencies = (
			);
			name = VIPERHarryPotterHouseListTableView;
			productName = VIPERHarryPotterHouseListTableView;
			productReference = 046D90C027D7FA1600026FA7 /* VIPERHarryPotterHouseListTableView.app */;
			productType = "com.apple.product-type.application";
		};
/* End PBXNativeTarget section */

/* Begin PBXProject section */
		046D90B827D7FA1600026FA7 /* Project object */ = {
			isa = PBXProject;
			attributes = {
				BuildIndependentTargetsInParallel = 1;
				LastSwiftUpdateCheck = 1320;
				LastUpgradeCheck = 1320;
				TargetAttributes = {
					046D90BF27D7FA1600026FA7 = {
						CreatedOnToolsVersion = 13.2.1;
					};
				};
			};
			buildConfigurationList = 046D90BB27D7FA1600026FA7 /* Build configuration list for PBXProject "VIPERHarryPotterHouseListTableView" */;
			compatibilityVersion = "Xcode 13.0";
			developmentRegion = en;
			hasScannedForEncodings = 0;
			knownRegions = (
				en,
				Base,
			);
			mainGroup = 046D90B727D7FA1600026FA7;
			productRefGroup = 046D90C127D7FA1600026FA7 /* Products */;
			projectDirPath = "";
			projectRoot = "";
			targets = (
				046D90BF27D7FA1600026FA7 /* VIPERHarryPotterHouseListTableView */,
			);
		};
/* End PBXProject section */

/* Begin PBXResourcesBuildPhase section */
		046D90BE27D7FA1600026FA7 /* Resources */ = {
			isa = PBXResourcesBuildPhase;
			buildActionMask = 2147483647;
			files = (
				046D90D027D7FA1800026FA7 /* LaunchScreen.storyboard in Resources */,
				046D90CD27D7FA1800026FA7 /* Assets.xcassets in Resources */,
				046D90CB27D7FA1600026FA7 /* Main.storyboard in Resources */,
			);
			runOnlyForDeploymentPostprocessing = 0;
		};
/* End PBXResourcesBuildPhase section */

/* Begin PBXSourcesBuildPhase section */
		046D90BC27D7FA1600026FA7 /* Sources */ = {
			isa = PBXSourcesBuildPhase;
			buildActionMask = 2147483647;
			files = (
				046D90C827D7FA1600026FA7 /* HouseListView.swift in Sources */,
				046D912D27D8A33500026FA7 /* StudentRavenclawInteractor.swift in Sources */,
				046D913527D8A3D600026FA7 /* StudentRavenclawConfigurator.swift in Sources */,
				046D90FB27D8055900026FA7 /* StudentSlytherinRouter.swift in Sources */,
				046D90EB27D8026700026FA7 /* HouseListConfigurator.swift in Sources */,
				046D913027D8A36D00026FA7 /* StudentRavenclawRouter.swift in Sources */,
				046D90FD27D8058D00026FA7 /* StudentSlytherinEntity.swift in Sources */,
				046D911B27D8A0AD00026FA7 /* StudentHufflepuffInteractor.swift in Sources */,
				046D912127D8A17000026FA7 /* StudentHufflepuffEntity.swift in Sources */,
				046D90C427D7FA1600026FA7 /* AppDelegate.swift in Sources */,
				046D90E427D8017900026FA7 /* HouseListInteractor.swift in Sources */,
				046D910327D894AD00026FA7 /* StudentGryffindorView.swift in Sources */,
				046D90F927D8052100026FA7 /* StudentSlytherinInteractor.swift in Sources */,
				046D910627D8950000026FA7 /* StudentGryffindorPresenter.swift in Sources */,
				046D90E627D801BB00026FA7 /* HouseListRouter.swift in Sources */,
				046D911127D896BF00026FA7 /* StudentGryffindorConfigurator.swift in Sources */,
				046D911527D89FA400026FA7 /* StudentHufflepuffView.swift in Sources */,
				046D90E827D801F500026FA7 /* HouseListEntity.swift in Sources */,
				046D910F27D8968400026FA7 /* StudentGryffindorEntity.swift in Sources */,
				046D911827D89FFD00026FA7 /* StudentHufflepuffPresenter.swift in Sources */,
				046D90FF27D805E600026FA7 /* StudentSlytherinConfigurator.swift in Sources */,
				046D90C627D7FA1600026FA7 /* SceneDelegate.swift in Sources */,
				046D90F327D8045000026FA7 /* StudentSlytherinView.swift in Sources */,
				046D912A27D8A2FB00026FA7 /* StudentRavenclawPresenter.swift in Sources */,
				046D911E27D8A13500026FA7 /* StudentHufflepuffRouter.swift in Sources */,
				046D913327D8A39B00026FA7 /* StudentRavenclawEntity.swift in Sources */,
				046D90E227D8011B00026FA7 /* HouseListPresenter.swift in Sources */,
				046D910927D895EB00026FA7 /* StudentGryffindorInteractor.swift in Sources */,
				046D910C27D8963800026FA7 /* StudentGryffindorRouter.swift in Sources */,
				046D912727D8A2C300026FA7 /* StudentRavenclawView.swift in Sources */,
				046D90F527D804B200026FA7 /* StudentSlytherinPresenter.swift in Sources */,
				046D912327D8A1A400026FA7 /* StudentHufflepuffConfigurator.swift in Sources */,
			);
			runOnlyForDeploymentPostprocessing = 0;
		};
/* End PBXSourcesBuildPhase section */

/* Begin PBXVariantGroup section */
		046D90C927D7FA1600026FA7 /* Main.storyboard */ = {
			isa = PBXVariantGroup;
			children = (
				046D90CA27D7FA1600026FA7 /* Base */,
			);
			name = Main.storyboard;
			sourceTree = "<group>";
		};
		046D90CE27D7FA1800026FA7 /* LaunchScreen.storyboard */ = {
			isa = PBXVariantGroup;
			children = (
				046D90CF27D7FA1800026FA7 /* Base */,
			);
			name = LaunchScreen.storyboard;
			sourceTree = "<group>";
		};
/* End PBXVariantGroup section */

/* Begin XCBuildConfiguration section */
		046D90D227D7FA1800026FA7 /* Debug */ = {
			isa = XCBuildConfiguration;
			buildSettings = {
				ALWAYS_SEARCH_USER_PATHS = NO;
				CLANG_ANALYZER_NONNULL = YES;
				CLANG_ANALYZER_NUMBER_OBJECT_CONVERSION = YES_AGGRESSIVE;
				CLANG_CXX_LANGUAGE_STANDARD = "gnu++17";
				CLANG_CXX_LIBRARY = "libc++";
				CLANG_ENABLE_MODULES = YES;
				CLANG_ENABLE_OBJC_ARC = YES;
				CLANG_ENABLE_OBJC_WEAK = YES;
				CLANG_WARN_BLOCK_CAPTURE_AUTORELEASING = YES;
				CLANG_WARN_BOOL_CONVERSION = YES;
				CLANG_WARN_COMMA = YES;
				CLANG_WARN_CONSTANT_CONVERSION = YES;
				CLANG_WARN_DEPRECATED_OBJC_IMPLEMENTATIONS = YES;
				CLANG_WARN_DIRECT_OBJC_ISA_USAGE = YES_ERROR;
				CLANG_WARN_DOCUMENTATION_COMMENTS = YES;
				CLANG_WARN_EMPTY_BODY = YES;
				CLANG_WARN_ENUM_CONVERSION = YES;
				CLANG_WARN_INFINITE_RECURSION = YES;
				CLANG_WARN_INT_CONVERSION = YES;
				CLANG_WARN_NON_LITERAL_NULL_CONVERSION = YES;
				CLANG_WARN_OBJC_IMPLICIT_RETAIN_SELF = YES;
				CLANG_WARN_OBJC_LITERAL_CONVERSION = YES;
				CLANG_WARN_OBJC_ROOT_CLASS = YES_ERROR;
				CLANG_WARN_QUOTED_INCLUDE_IN_FRAMEWORK_HEADER = YES;
				CLANG_WARN_RANGE_LOOP_ANALYSIS = YES;
				CLANG_WARN_STRICT_PROTOTYPES = YES;
				CLANG_WARN_SUSPICIOUS_MOVE = YES;
				CLANG_WARN_UNGUARDED_AVAILABILITY = YES_AGGRESSIVE;
				CLANG_WARN_UNREACHABLE_CODE = YES;
				CLANG_WARN__DUPLICATE_METHOD_MATCH = YES;
				COPY_PHASE_STRIP = NO;
				DEBUG_INFORMATION_FORMAT = dwarf;
				ENABLE_STRICT_OBJC_MSGSEND = YES;
				ENABLE_TESTABILITY = YES;
				GCC_C_LANGUAGE_STANDARD = gnu11;
				GCC_DYNAMIC_NO_PIC = NO;
				GCC_NO_COMMON_BLOCKS = YES;
				GCC_OPTIMIZATION_LEVEL = 0;
				GCC_PREPROCESSOR_DEFINITIONS = (
					"DEBUG=1",
					"$(inherited)",
				);
				GCC_WARN_64_TO_32_BIT_CONVERSION = YES;
				GCC_WARN_ABOUT_RETURN_TYPE = YES_ERROR;
				GCC_WARN_UNDECLARED_SELECTOR = YES;
				GCC_WARN_UNINITIALIZED_AUTOS = YES_AGGRESSIVE;
				GCC_WARN_UNUSED_FUNCTION = YES;
				GCC_WARN_UNUSED_VARIABLE = YES;
				IPHONEOS_DEPLOYMENT_TARGET = 15.2;
				MTL_ENABLE_DEBUG_INFO = INCLUDE_SOURCE;
				MTL_FAST_MATH = YES;
				ONLY_ACTIVE_ARCH = YES;
				SDKROOT = iphoneos;
				SWIFT_ACTIVE_COMPILATION_CONDITIONS = DEBUG;
				SWIFT_OPTIMIZATION_LEVEL = "-Onone";
			};
			name = Debug;
		};
		046D90D327D7FA1800026FA7 /* Release */ = {
			isa = XCBuildConfiguration;
			buildSettings = {
				ALWAYS_SEARCH_USER_PATHS = NO;
				CLANG_ANALYZER_NONNULL = YES;
				CLANG_ANALYZER_NUMBER_OBJECT_CONVERSION = YES_AGGRESSIVE;
				CLANG_CXX_LANGUAGE_STANDARD = "gnu++17";
				CLANG_CXX_LIBRARY = "libc++";
				CLANG_ENABLE_MODULES = YES;
				CLANG_ENABLE_OBJC_ARC = YES;
				CLANG_ENABLE_OBJC_WEAK = YES;
				CLANG_WARN_BLOCK_CAPTURE_AUTORELEASING = YES;
				CLANG_WARN_BOOL_CONVERSION = YES;
				CLANG_WARN_COMMA = YES;
				CLANG_WARN_CONSTANT_CONVERSION = YES;
				CLANG_WARN_DEPRECATED_OBJC_IMPLEMENTATIONS = YES;
				CLANG_WARN_DIRECT_OBJC_ISA_USAGE = YES_ERROR;
				CLANG_WARN_DOCUMENTATION_COMMENTS = YES;
				CLANG_WARN_EMPTY_BODY = YES;
				CLANG_WARN_ENUM_CONVERSION = YES;
				CLANG_WARN_INFINITE_RECURSION = YES;
				CLANG_WARN_INT_CONVERSION = YES;
				CLANG_WARN_NON_LITERAL_NULL_CONVERSION = YES;
				CLANG_WARN_OBJC_IMPLICIT_RETAIN_SELF = YES;
				CLANG_WARN_OBJC_LITERAL_CONVERSION = YES;
				CLANG_WARN_OBJC_ROOT_CLASS = YES_ERROR;
				CLANG_WARN_QUOTED_INCLUDE_IN_FRAMEWORK_HEADER = YES;
				CLANG_WARN_RANGE_LOOP_ANALYSIS = YES;
				CLANG_WARN_STRICT_PROTOTYPES = YES;
				CLANG_WARN_SUSPICIOUS_MOVE = YES;
				CLANG_WARN_UNGUARDED_AVAILABILITY = YES_AGGRESSIVE;
				CLANG_WARN_UNREACHABLE_CODE = YES;
				CLANG_WARN__DUPLICATE_METHOD_MATCH = YES;
				COPY_PHASE_STRIP = NO;
				DEBUG_INFORMATION_FORMAT = "dwarf-with-dsym";
				ENABLE_NS_ASSERTIONS = NO;
				ENABLE_STRICT_OBJC_MSGSEND = YES;
				GCC_C_LANGUAGE_STANDARD = gnu11;
				GCC_NO_COMMON_BLOCKS = YES;
				GCC_WARN_64_TO_32_BIT_CONVERSION = YES;
				GCC_WARN_ABOUT_RETURN_TYPE = YES_ERROR;
				GCC_WARN_UNDECLARED_SELECTOR = YES;
				GCC_WARN_UNINITIALIZED_AUTOS = YES_AGGRESSIVE;
				GCC_WARN_UNUSED_FUNCTION = YES;
				GCC_WARN_UNUSED_VARIABLE = YES;
				IPHONEOS_DEPLOYMENT_TARGET = 15.2;
				MTL_ENABLE_DEBUG_INFO = NO;
				MTL_FAST_MATH = YES;
				SDKROOT = iphoneos;
				SWIFT_COMPILATION_MODE = wholemodule;
				SWIFT_OPTIMIZATION_LEVEL = "-O";
				VALIDATE_PRODUCT = YES;
			};
			name = Release;
		};
		046D90D527D7FA1800026FA7 /* Debug */ = {
			isa = XCBuildConfiguration;
			buildSettings = {
				ASSETCATALOG_COMPILER_APPICON_NAME = AppIcon;
				ASSETCATALOG_COMPILER_GLOBAL_ACCENT_COLOR_NAME = AccentColor;
				CODE_SIGN_STYLE = Automatic;
				CURRENT_PROJECT_VERSION = 1;
				DEVELOPMENT_TEAM = 34TG2Y4HBL;
				GENERATE_INFOPLIST_FILE = YES;
				INFOPLIST_FILE = VIPERHarryPotterHouseListTableView/Resources/Info.plist;
				INFOPLIST_KEY_UIApplicationSupportsIndirectInputEvents = YES;
				INFOPLIST_KEY_UILaunchStoryboardName = LaunchScreen;
				INFOPLIST_KEY_UIMainStoryboardFile = Main;
				INFOPLIST_KEY_UISupportedInterfaceOrientations_iPad = UIInterfaceOrientationPortrait;
				INFOPLIST_KEY_UISupportedInterfaceOrientations_iPhone = UIInterfaceOrientationPortrait;
				LD_RUNPATH_SEARCH_PATHS = (
					"$(inherited)",
					"@executable_path/Frameworks",
				);
				MARKETING_VERSION = 1.0;
				PRODUCT_BUNDLE_IDENTIFIER = com.my.VIPERHarryPotterHouseListTableView;
				PRODUCT_NAME = "$(TARGET_NAME)";
				SWIFT_EMIT_LOC_STRINGS = YES;
				SWIFT_VERSION = 5.0;
				TARGETED_DEVICE_FAMILY = "1,2";
			};
			name = Debug;
		};
		046D90D627D7FA1800026FA7 /* Release */ = {
			isa = XCBuildConfiguration;
			buildSettings = {
				ASSETCATALOG_COMPILER_APPICON_NAME = AppIcon;
				ASSETCATALOG_COMPILER_GLOBAL_ACCENT_COLOR_NAME = AccentColor;
				CODE_SIGN_STYLE = Automatic;
				CURRENT_PROJECT_VERSION = 1;
				DEVELOPMENT_TEAM = 34TG2Y4HBL;
				GENERATE_INFOPLIST_FILE = YES;
				INFOPLIST_FILE = VIPERHarryPotterHouseListTableView/Resources/Info.plist;
				INFOPLIST_KEY_UIApplicationSupportsIndirectInputEvents = YES;
				INFOPLIST_KEY_UILaunchStoryboardName = LaunchScreen;
				INFOPLIST_KEY_UIMainStoryboardFile = Main;
				INFOPLIST_KEY_UISupportedInterfaceOrientations_iPad = UIInterfaceOrientationPortrait;
				INFOPLIST_KEY_UISupportedInterfaceOrientations_iPhone = UIInterfaceOrientationPortrait;
				LD_RUNPATH_SEARCH_PATHS = (
					"$(inherited)",
					"@executable_path/Frameworks",
				);
				MARKETING_VERSION = 1.0;
				PRODUCT_BUNDLE_IDENTIFIER = com.my.VIPERHarryPotterHouseListTableView;
				PRODUCT_NAME = "$(TARGET_NAME)";
				SWIFT_EMIT_LOC_STRINGS = YES;
				SWIFT_VERSION = 5.0;
				TARGETED_DEVICE_FAMILY = "1,2";
			};
			name = Release;
		};
/* End XCBuildConfiguration section */

/* Begin XCConfigurationList section */
		046D90BB27D7FA1600026FA7 /* Build configuration list for PBXProject "VIPERHarryPotterHouseListTableView" */ = {
			isa = XCConfigurationList;
			buildConfigurations = (
				046D90D227D7FA1800026FA7 /* Debug */,
				046D90D327D7FA1800026FA7 /* Release */,
			);
			defaultConfigurationIsVisible = 0;
			defaultConfigurationName = Release;
		};
		046D90D427D7FA1800026FA7 /* Build configuration list for PBXNativeTarget "VIPERHarryPotterHouseListTableView" */ = {
			isa = XCConfigurationList;
			buildConfigurations = (
				046D90D527D7FA1800026FA7 /* Debug */,
				046D90D627D7FA1800026FA7 /* Release */,
			);
			defaultConfigurationIsVisible = 0;
			defaultConfigurationName = Release;
		};
/* End XCConfigurationList section */
	};
	rootObject = 046D90B827D7FA1600026FA7 /* Project object */;
}
